// !$*UTF8*$!
{
	archiveVersion = 1;
	classes = {
	};
	objectVersion = 55;
	objects = {

/* Begin PBXBuildFile section */
		970DBC2128A69D4F00339CFC /* Weather.storyboard in Resources */ = {isa = PBXBuildFile; fileRef = 970DBC2028A69D4F00339CFC /* Weather.storyboard */; };
		970DBC2328A69D5D00339CFC /* WeatherViewController.swift in Sources */ = {isa = PBXBuildFile; fileRef = 970DBC2228A69D5D00339CFC /* WeatherViewController.swift */; };
		970DBC2528A6A50700339CFC /* WeatherAPIManager.swift in Sources */ = {isa = PBXBuildFile; fileRef = 970DBC2428A6A50700339CFC /* WeatherAPIManager.swift */; };
		970DBC2728A6A51100339CFC /* AddressAPIManager.swift in Sources */ = {isa = PBXBuildFile; fileRef = 970DBC2628A6A51100339CFC /* AddressAPIManager.swift */; };
		970DBC2A28A6B3AC00339CFC /* AddressModel.swift in Sources */ = {isa = PBXBuildFile; fileRef = 970DBC2928A6B3AC00339CFC /* AddressModel.swift */; };
		978ED4AA28A7E9AD00A8324B /* SUIT-Bold.ttf in Resources */ = {isa = PBXBuildFile; fileRef = 978ED4A128A7E9AD00A8324B /* SUIT-Bold.ttf */; };
		978ED4AB28A7E9AD00A8324B /* SUIT-Regular.ttf in Resources */ = {isa = PBXBuildFile; fileRef = 978ED4A228A7E9AD00A8324B /* SUIT-Regular.ttf */; };
		978ED4AC28A7E9AD00A8324B /* SUIT-SemiBold.ttf in Resources */ = {isa = PBXBuildFile; fileRef = 978ED4A328A7E9AD00A8324B /* SUIT-SemiBold.ttf */; };
		978ED4B428A7EB0800A8324B /* SUIT-Medium.ttf in Resources */ = {isa = PBXBuildFile; fileRef = 978ED4B328A7EB0800A8324B /* SUIT-Medium.ttf */; };
		978ED4B728A7F79E00A8324B /* JGProgressHUD in Frameworks */ = {isa = PBXBuildFile; productRef = 978ED4B628A7F79E00A8324B /* JGProgressHUD */; };
		978ED4B928A7F7A500A8324B /* Font.swift in Sources */ = {isa = PBXBuildFile; fileRef = 978ED4B828A7F7A500A8324B /* Font.swift */; };
		9798483C28A33073003EB220 /* ReusableViewProtocol.swift in Sources */ = {isa = PBXBuildFile; fileRef = 9798483B28A33073003EB220 /* ReusableViewProtocol.swift */; };
		9798483E28A343E2003EB220 /* TMDBAPIManager.swift in Sources */ = {isa = PBXBuildFile; fileRef = 9798483D28A343E2003EB220 /* TMDBAPIManager.swift */; };
		97A1991728A4939700E5E192 /* MapViewController.swift in Sources */ = {isa = PBXBuildFile; fileRef = 97A1991628A4939700E5E192 /* MapViewController.swift */; };
		97AA192A28A1E03200AD41A5 /* SesacButton.swift in Sources */ = {isa = PBXBuildFile; fileRef = 97AA192928A1E03200AD41A5 /* SesacButton.swift */; };
		97AA192C28A1E61000AD41A5 /* CardView.xib in Resources */ = {isa = PBXBuildFile; fileRef = 97AA192B28A1E61000AD41A5 /* CardView.xib */; };
		97AA192E28A1E62A00AD41A5 /* CardView.swift in Sources */ = {isa = PBXBuildFile; fileRef = 97AA192D28A1E62A00AD41A5 /* CardView.swift */; };
		97AA193128A1F39800AD41A5 /* CardCollectionViewCell.swift in Sources */ = {isa = PBXBuildFile; fileRef = 97AA192F28A1F39800AD41A5 /* CardCollectionViewCell.swift */; };
		97AA193228A1F39800AD41A5 /* CardCollectionViewCell.xib in Resources */ = {isa = PBXBuildFile; fileRef = 97AA193028A1F39800AD41A5 /* CardCollectionViewCell.xib */; };
		97AA193428A1F64700AD41A5 /* MainViewController.swift in Sources */ = {isa = PBXBuildFile; fileRef = 97AA193328A1F64700AD41A5 /* MainViewController.swift */; };
		97AA193628A1FC3900AD41A5 /* MainTableViewCell.swift in Sources */ = {isa = PBXBuildFile; fileRef = 97AA193528A1FC3900AD41A5 /* MainTableViewCell.swift */; };
		97D7497528A08FEB00247EAC /* AppDelegate.swift in Sources */ = {isa = PBXBuildFile; fileRef = 97D7497428A08FEB00247EAC /* AppDelegate.swift */; };
		97D7497728A08FEB00247EAC /* SceneDelegate.swift in Sources */ = {isa = PBXBuildFile; fileRef = 97D7497628A08FEB00247EAC /* SceneDelegate.swift */; };
		97D7497928A08FEB00247EAC /* ViewController.swift in Sources */ = {isa = PBXBuildFile; fileRef = 97D7497828A08FEB00247EAC /* ViewController.swift */; };
		97D7497C28A08FEB00247EAC /* Main.storyboard in Resources */ = {isa = PBXBuildFile; fileRef = 97D7497A28A08FEB00247EAC /* Main.storyboard */; };
		97D7497E28A08FED00247EAC /* Assets.xcassets in Resources */ = {isa = PBXBuildFile; fileRef = 97D7497D28A08FED00247EAC /* Assets.xcassets */; };
		97D7498128A08FED00247EAC /* LaunchScreen.storyboard in Resources */ = {isa = PBXBuildFile; fileRef = 97D7497F28A08FED00247EAC /* LaunchScreen.storyboard */; };
		97D7498A28A0902D00247EAC /* Alamofire in Frameworks */ = {isa = PBXBuildFile; productRef = 97D7498928A0902D00247EAC /* Alamofire */; };
		97D7498D28A0903900247EAC /* Kingfisher in Frameworks */ = {isa = PBXBuildFile; productRef = 97D7498C28A0903900247EAC /* Kingfisher */; };
		97D7499028A0904A00247EAC /* SwiftyJSON in Frameworks */ = {isa = PBXBuildFile; productRef = 97D7498F28A0904A00247EAC /* SwiftyJSON */; };
		97D7499228A090A400247EAC /* .gitignore in Resources */ = {isa = PBXBuildFile; fileRef = 97D7499128A090A400247EAC /* .gitignore */; };
		97D7499428A0910900247EAC /* APIKey.swift in Sources */ = {isa = PBXBuildFile; fileRef = 97D7499328A0910900247EAC /* APIKey.swift */; };
		97D7499728A0949C00247EAC /* Endpoint.swift in Sources */ = {isa = PBXBuildFile; fileRef = 97D7499628A0949C00247EAC /* Endpoint.swift */; };
		97D7499928A0951200247EAC /* URL+Extension.swift in Sources */ = {isa = PBXBuildFile; fileRef = 97D7499828A0951200247EAC /* URL+Extension.swift */; };
		97D7499C28A0A7A200247EAC /* KakaoAPIManager.swift in Sources */ = {isa = PBXBuildFile; fileRef = 97D7499B28A0A7A200247EAC /* KakaoAPIManager.swift */; };
		97D7499E28A0ABF800247EAC /* ClosureViewController.swift in Sources */ = {isa = PBXBuildFile; fileRef = 97D7499D28A0ABF800247EAC /* ClosureViewController.swift */; };
		97D749A328A0E9D300247EAC /* String+Extension.swift in Sources */ = {isa = PBXBuildFile; fileRef = 97D749A228A0E9D300247EAC /* String+Extension.swift */; };
		97E72D4928A77818007EE25E /* WeatherModel.swift in Sources */ = {isa = PBXBuildFile; fileRef = 97E72D4828A77818007EE25E /* WeatherModel.swift */; };
		97E72D4C28A7B4B7007EE25E /* SkeletonView in Frameworks */ = {isa = PBXBuildFile; productRef = 97E72D4B28A7B4B7007EE25E /* SkeletonView */; };
		97F4488228A5D6EE006FC86B /* YPImagePicker in Frameworks */ = {isa = PBXBuildFile; productRef = 97F4488128A5D6EE006FC86B /* YPImagePicker */; };
		97F4488428A5DD10006FC86B /* CameraViewController.swift in Sources */ = {isa = PBXBuildFile; fileRef = 97F4488328A5DD10006FC86B /* CameraViewController.swift */; };
/* End PBXBuildFile section */

/* Begin PBXFileReference section */
		970DBC2028A69D4F00339CFC /* Weather.storyboard */ = {isa = PBXFileReference; lastKnownFileType = file.storyboard; path = Weather.storyboard; sourceTree = "<group>"; };
		970DBC2228A69D5D00339CFC /* WeatherViewController.swift */ = {isa = PBXFileReference; lastKnownFileType = sourcecode.swift; path = WeatherViewController.swift; sourceTree = "<group>"; };
		970DBC2428A6A50700339CFC /* WeatherAPIManager.swift */ = {isa = PBXFileReference; lastKnownFileType = sourcecode.swift; path = WeatherAPIManager.swift; sourceTree = "<group>"; };
		970DBC2628A6A51100339CFC /* AddressAPIManager.swift */ = {isa = PBXFileReference; lastKnownFileType = sourcecode.swift; path = AddressAPIManager.swift; sourceTree = "<group>"; };
		970DBC2928A6B3AC00339CFC /* AddressModel.swift */ = {isa = PBXFileReference; lastKnownFileType = sourcecode.swift; path = AddressModel.swift; sourceTree = "<group>"; };
		978ED4A128A7E9AD00A8324B /* SUIT-Bold.ttf */ = {isa = PBXFileReference; lastKnownFileType = file; path = "SUIT-Bold.ttf"; sourceTree = "<group>"; };
		978ED4A228A7E9AD00A8324B /* SUIT-Regular.ttf */ = {isa = PBXFileReference; lastKnownFileType = file; path = "SUIT-Regular.ttf"; sourceTree = "<group>"; };
		978ED4A328A7E9AD00A8324B /* SUIT-SemiBold.ttf */ = {isa = PBXFileReference; lastKnownFileType = file; path = "SUIT-SemiBold.ttf"; sourceTree = "<group>"; };
		978ED4B328A7EB0800A8324B /* SUIT-Medium.ttf */ = {isa = PBXFileReference; lastKnownFileType = file; path = "SUIT-Medium.ttf"; sourceTree = "<group>"; };
		978ED4B828A7F7A500A8324B /* Font.swift */ = {isa = PBXFileReference; lastKnownFileType = sourcecode.swift; path = Font.swift; sourceTree = "<group>"; };
		9798483B28A33073003EB220 /* ReusableViewProtocol.swift */ = {isa = PBXFileReference; lastKnownFileType = sourcecode.swift; path = ReusableViewProtocol.swift; sourceTree = "<group>"; };
		9798483D28A343E2003EB220 /* TMDBAPIManager.swift */ = {isa = PBXFileReference; lastKnownFileType = sourcecode.swift; path = TMDBAPIManager.swift; sourceTree = "<group>"; };
		97A1991628A4939700E5E192 /* MapViewController.swift */ = {isa = PBXFileReference; lastKnownFileType = sourcecode.swift; path = MapViewController.swift; sourceTree = "<group>"; };
		97AA192928A1E03200AD41A5 /* SesacButton.swift */ = {isa = PBXFileReference; lastKnownFileType = sourcecode.swift; path = SesacButton.swift; sourceTree = "<group>"; };
		97AA192B28A1E61000AD41A5 /* CardView.xib */ = {isa = PBXFileReference; lastKnownFileType = file.xib; path = CardView.xib; sourceTree = "<group>"; };
		97AA192D28A1E62A00AD41A5 /* CardView.swift */ = {isa = PBXFileReference; lastKnownFileType = sourcecode.swift; path = CardView.swift; sourceTree = "<group>"; };
		97AA192F28A1F39800AD41A5 /* CardCollectionViewCell.swift */ = {isa = PBXFileReference; lastKnownFileType = sourcecode.swift; path = CardCollectionViewCell.swift; sourceTree = "<group>"; };
		97AA193028A1F39800AD41A5 /* CardCollectionViewCell.xib */ = {isa = PBXFileReference; lastKnownFileType = file.xib; path = CardCollectionViewCell.xib; sourceTree = "<group>"; };
		97AA193328A1F64700AD41A5 /* MainViewController.swift */ = {isa = PBXFileReference; lastKnownFileType = sourcecode.swift; path = MainViewController.swift; sourceTree = "<group>"; };
		97AA193528A1FC3900AD41A5 /* MainTableViewCell.swift */ = {isa = PBXFileReference; lastKnownFileType = sourcecode.swift; path = MainTableViewCell.swift; sourceTree = "<group>"; };
		97D7497128A08FEB00247EAC /* SesacWeek6.app */ = {isa = PBXFileReference; explicitFileType = wrapper.application; includeInIndex = 0; path = SesacWeek6.app; sourceTree = BUILT_PRODUCTS_DIR; };
		97D7497428A08FEB00247EAC /* AppDelegate.swift */ = {isa = PBXFileReference; lastKnownFileType = sourcecode.swift; path = AppDelegate.swift; sourceTree = "<group>"; };
		97D7497628A08FEB00247EAC /* SceneDelegate.swift */ = {isa = PBXFileReference; lastKnownFileType = sourcecode.swift; path = SceneDelegate.swift; sourceTree = "<group>"; };
		97D7497828A08FEB00247EAC /* ViewController.swift */ = {isa = PBXFileReference; lastKnownFileType = sourcecode.swift; path = ViewController.swift; sourceTree = "<group>"; };
		97D7497B28A08FEB00247EAC /* Base */ = {isa = PBXFileReference; lastKnownFileType = file.storyboard; name = Base; path = Base.lproj/Main.storyboard; sourceTree = "<group>"; };
		97D7497D28A08FED00247EAC /* Assets.xcassets */ = {isa = PBXFileReference; lastKnownFileType = folder.assetcatalog; path = Assets.xcassets; sourceTree = "<group>"; };
		97D7498028A08FED00247EAC /* Base */ = {isa = PBXFileReference; lastKnownFileType = file.storyboard; name = Base; path = Base.lproj/LaunchScreen.storyboard; sourceTree = "<group>"; };
		97D7498228A08FED00247EAC /* Info.plist */ = {isa = PBXFileReference; lastKnownFileType = text.plist.xml; path = Info.plist; sourceTree = "<group>"; };
		97D7499128A090A400247EAC /* .gitignore */ = {isa = PBXFileReference; lastKnownFileType = text; path = .gitignore; sourceTree = "<group>"; };
		97D7499328A0910900247EAC /* APIKey.swift */ = {isa = PBXFileReference; lastKnownFileType = sourcecode.swift; path = APIKey.swift; sourceTree = "<group>"; };
		97D7499628A0949C00247EAC /* Endpoint.swift */ = {isa = PBXFileReference; lastKnownFileType = sourcecode.swift; path = Endpoint.swift; sourceTree = "<group>"; };
		97D7499828A0951200247EAC /* URL+Extension.swift */ = {isa = PBXFileReference; lastKnownFileType = sourcecode.swift; path = "URL+Extension.swift"; sourceTree = "<group>"; };
		97D7499B28A0A7A200247EAC /* KakaoAPIManager.swift */ = {isa = PBXFileReference; lastKnownFileType = sourcecode.swift; path = KakaoAPIManager.swift; sourceTree = "<group>"; };
		97D7499D28A0ABF800247EAC /* ClosureViewController.swift */ = {isa = PBXFileReference; lastKnownFileType = sourcecode.swift; path = ClosureViewController.swift; sourceTree = "<group>"; };
		97D749A228A0E9D300247EAC /* String+Extension.swift */ = {isa = PBXFileReference; lastKnownFileType = sourcecode.swift; path = "String+Extension.swift"; sourceTree = "<group>"; };
		97E72D4828A77818007EE25E /* WeatherModel.swift */ = {isa = PBXFileReference; lastKnownFileType = sourcecode.swift; path = WeatherModel.swift; sourceTree = "<group>"; };
		97F4488328A5DD10006FC86B /* CameraViewController.swift */ = {isa = PBXFileReference; lastKnownFileType = sourcecode.swift; path = CameraViewController.swift; sourceTree = "<group>"; };
/* End PBXFileReference section */

/* Begin PBXFrameworksBuildPhase section */
		97D7496E28A08FEB00247EAC /* Frameworks */ = {
			isa = PBXFrameworksBuildPhase;
			buildActionMask = 2147483647;
			files = (
				97D7499028A0904A00247EAC /* SwiftyJSON in Frameworks */,
				97D7498D28A0903900247EAC /* Kingfisher in Frameworks */,
				97D7498A28A0902D00247EAC /* Alamofire in Frameworks */,
				97F4488228A5D6EE006FC86B /* YPImagePicker in Frameworks */,
				978ED4B728A7F79E00A8324B /* JGProgressHUD in Frameworks */,
				97E72D4C28A7B4B7007EE25E /* SkeletonView in Frameworks */,
			);
			runOnlyForDeploymentPostprocessing = 0;
		};
/* End PBXFrameworksBuildPhase section */

/* Begin PBXGroup section */
		970DBC1F28A69D4300339CFC /* Weather */ = {
			isa = PBXGroup;
			children = (
				970DBC2028A69D4F00339CFC /* Weather.storyboard */,
				970DBC2228A69D5D00339CFC /* WeatherViewController.swift */,
			);
			path = Weather;
			sourceTree = "<group>";
		};
		970DBC2828A6B3A200339CFC /* Model */ = {
			isa = PBXGroup;
			children = (
				970DBC2928A6B3AC00339CFC /* AddressModel.swift */,
				97E72D4828A77818007EE25E /* WeatherModel.swift */,
			);
			path = Model;
			sourceTree = "<group>";
		};
		978ED4A028A7E9A000A8324B /* Font */ = {
			isa = PBXGroup;
			children = (
				978ED4A128A7E9AD00A8324B /* SUIT-Bold.ttf */,
				978ED4A228A7E9AD00A8324B /* SUIT-Regular.ttf */,
				978ED4A328A7E9AD00A8324B /* SUIT-SemiBold.ttf */,
				978ED4B328A7EB0800A8324B /* SUIT-Medium.ttf */,
				978ED4B828A7F7A500A8324B /* Font.swift */,
			);
			path = Font;
			sourceTree = "<group>";
		};
		9798483A28A3305A003EB220 /* Protocol */ = {
			isa = PBXGroup;
			children = (
				9798483B28A33073003EB220 /* ReusableViewProtocol.swift */,
			);
			path = Protocol;
			sourceTree = "<group>";
		};
		97AA192828A1DFE700AD41A5 /* View */ = {
			isa = PBXGroup;
			children = (
				97AA192928A1E03200AD41A5 /* SesacButton.swift */,
				97AA192B28A1E61000AD41A5 /* CardView.xib */,
				97AA192D28A1E62A00AD41A5 /* CardView.swift */,
				97AA192F28A1F39800AD41A5 /* CardCollectionViewCell.swift */,
				97AA193028A1F39800AD41A5 /* CardCollectionViewCell.xib */,
				97AA193528A1FC3900AD41A5 /* MainTableViewCell.swift */,
			);
			path = View;
			sourceTree = "<group>";
		};
		97D7496828A08FEB00247EAC = {
			isa = PBXGroup;
			children = (
				978ED4A028A7E9A000A8324B /* Font */,
				97D7499128A090A400247EAC /* .gitignore */,
				97D7497328A08FEB00247EAC /* SesacWeek6 */,
				97D7497228A08FEB00247EAC /* Products */,
			);
			sourceTree = "<group>";
		};
		97D7497228A08FEB00247EAC /* Products */ = {
			isa = PBXGroup;
			children = (
				97D7497128A08FEB00247EAC /* SesacWeek6.app */,
			);
			name = Products;
			sourceTree = "<group>";
		};
		97D7497328A08FEB00247EAC /* SesacWeek6 */ = {
			isa = PBXGroup;
			children = (
				970DBC2828A6B3A200339CFC /* Model */,
				970DBC1F28A69D4300339CFC /* Weather */,
				9798483A28A3305A003EB220 /* Protocol */,
				97AA192828A1DFE700AD41A5 /* View */,
				97D7499528A0948100247EAC /* Network */,
				97D7497428A08FEB00247EAC /* AppDelegate.swift */,
				97D7497628A08FEB00247EAC /* SceneDelegate.swift */,
				97D7497828A08FEB00247EAC /* ViewController.swift */,
				97AA193328A1F64700AD41A5 /* MainViewController.swift */,
				97D7497A28A08FEB00247EAC /* Main.storyboard */,
				97F4488328A5DD10006FC86B /* CameraViewController.swift */,
				97A1991628A4939700E5E192 /* MapViewController.swift */,
				97D7497D28A08FED00247EAC /* Assets.xcassets */,
				97D7497F28A08FED00247EAC /* LaunchScreen.storyboard */,
				97D7498228A08FED00247EAC /* Info.plist */,
				97D7499328A0910900247EAC /* APIKey.swift */,
				97D7499D28A0ABF800247EAC /* ClosureViewController.swift */,
				97D749A228A0E9D300247EAC /* String+Extension.swift */,
			);
			path = SesacWeek6;
			sourceTree = "<group>";
		};
		97D7499528A0948100247EAC /* Network */ = {
			isa = PBXGroup;
			children = (
				97D7499A28A0A77C00247EAC /* APIManager */,
				97D7499628A0949C00247EAC /* Endpoint.swift */,
				97D7499828A0951200247EAC /* URL+Extension.swift */,
			);
			path = Network;
			sourceTree = "<group>";
		};
		97D7499A28A0A77C00247EAC /* APIManager */ = {
			isa = PBXGroup;
			children = (
				97D7499B28A0A7A200247EAC /* KakaoAPIManager.swift */,
				9798483D28A343E2003EB220 /* TMDBAPIManager.swift */,
				970DBC2428A6A50700339CFC /* WeatherAPIManager.swift */,
				970DBC2628A6A51100339CFC /* AddressAPIManager.swift */,
			);
			path = APIManager;
			sourceTree = "<group>";
		};
/* End PBXGroup section */

/* Begin PBXNativeTarget section */
		97D7497028A08FEB00247EAC /* SesacWeek6 */ = {
			isa = PBXNativeTarget;
			buildConfigurationList = 97D7498528A08FED00247EAC /* Build configuration list for PBXNativeTarget "SesacWeek6" */;
			buildPhases = (
				97D7496D28A08FEB00247EAC /* Sources */,
				97D7496E28A08FEB00247EAC /* Frameworks */,
				97D7496F28A08FEB00247EAC /* Resources */,
			);
			buildRules = (
			);
			dependencies = (
			);
			name = SesacWeek6;
			packageProductDependencies = (
				97D7498928A0902D00247EAC /* Alamofire */,
				97D7498C28A0903900247EAC /* Kingfisher */,
				97D7498F28A0904A00247EAC /* SwiftyJSON */,
				97F4488128A5D6EE006FC86B /* YPImagePicker */,
				97E72D4B28A7B4B7007EE25E /* SkeletonView */,
				978ED4B628A7F79E00A8324B /* JGProgressHUD */,
			);
			productName = SesacWeek6;
			productReference = 97D7497128A08FEB00247EAC /* SesacWeek6.app */;
			productType = "com.apple.product-type.application";
		};
/* End PBXNativeTarget section */

/* Begin PBXProject section */
		97D7496928A08FEB00247EAC /* Project object */ = {
			isa = PBXProject;
			attributes = {
				BuildIndependentTargetsInParallel = 1;
				LastSwiftUpdateCheck = 1340;
				LastUpgradeCheck = 1340;
				TargetAttributes = {
					97D7497028A08FEB00247EAC = {
						CreatedOnToolsVersion = 13.4.1;
					};
				};
			};
			buildConfigurationList = 97D7496C28A08FEB00247EAC /* Build configuration list for PBXProject "SesacWeek6" */;
			compatibilityVersion = "Xcode 13.0";
			developmentRegion = en;
			hasScannedForEncodings = 0;
			knownRegions = (
				en,
				Base,
			);
			mainGroup = 97D7496828A08FEB00247EAC;
			packageReferences = (
				97D7498828A0902D00247EAC /* XCRemoteSwiftPackageReference "Alamofire" */,
				97D7498B28A0903900247EAC /* XCRemoteSwiftPackageReference "Kingfisher" */,
				97D7498E28A0904A00247EAC /* XCRemoteSwiftPackageReference "SwiftyJSON" */,
				97F4488028A5D6EE006FC86B /* XCRemoteSwiftPackageReference "YPImagePicker" */,
				97E72D4A28A7B4B7007EE25E /* XCRemoteSwiftPackageReference "SkeletonView" */,
				978ED4B528A7F79E00A8324B /* XCRemoteSwiftPackageReference "JGProgressHUD" */,
			);
			productRefGroup = 97D7497228A08FEB00247EAC /* Products */;
			projectDirPath = "";
			projectRoot = "";
			targets = (
				97D7497028A08FEB00247EAC /* SesacWeek6 */,
			);
		};
/* End PBXProject section */

/* Begin PBXResourcesBuildPhase section */
		97D7496F28A08FEB00247EAC /* Resources */ = {
			isa = PBXResourcesBuildPhase;
			buildActionMask = 2147483647;
			files = (
				978ED4B428A7EB0800A8324B /* SUIT-Medium.ttf in Resources */,
				970DBC2128A69D4F00339CFC /* Weather.storyboard in Resources */,
				97D7499228A090A400247EAC /* .gitignore in Resources */,
				978ED4AB28A7E9AD00A8324B /* SUIT-Regular.ttf in Resources */,
				97D7498128A08FED00247EAC /* LaunchScreen.storyboard in Resources */,
				97AA192C28A1E61000AD41A5 /* CardView.xib in Resources */,
				978ED4AA28A7E9AD00A8324B /* SUIT-Bold.ttf in Resources */,
				97D7497E28A08FED00247EAC /* Assets.xcassets in Resources */,
				97AA193228A1F39800AD41A5 /* CardCollectionViewCell.xib in Resources */,
				978ED4AC28A7E9AD00A8324B /* SUIT-SemiBold.ttf in Resources */,
				97D7497C28A08FEB00247EAC /* Main.storyboard in Resources */,
			);
			runOnlyForDeploymentPostprocessing = 0;
		};
/* End PBXResourcesBuildPhase section */

/* Begin PBXSourcesBuildPhase section */
		97D7496D28A08FEB00247EAC /* Sources */ = {
			isa = PBXSourcesBuildPhase;
			buildActionMask = 2147483647;
			files = (
				970DBC2A28A6B3AC00339CFC /* AddressModel.swift in Sources */,
				97D7497928A08FEB00247EAC /* ViewController.swift in Sources */,
				97AA193428A1F64700AD41A5 /* MainViewController.swift in Sources */,
				97D749A328A0E9D300247EAC /* String+Extension.swift in Sources */,
				970DBC2528A6A50700339CFC /* WeatherAPIManager.swift in Sources */,
				97D7497528A08FEB00247EAC /* AppDelegate.swift in Sources */,
				97D7499E28A0ABF800247EAC /* ClosureViewController.swift in Sources */,
				970DBC2728A6A51100339CFC /* AddressAPIManager.swift in Sources */,
				970DBC2328A69D5D00339CFC /* WeatherViewController.swift in Sources */,
				97AA193128A1F39800AD41A5 /* CardCollectionViewCell.swift in Sources */,
				97D7499428A0910900247EAC /* APIKey.swift in Sources */,
				97D7497728A08FEB00247EAC /* SceneDelegate.swift in Sources */,
				97D7499C28A0A7A200247EAC /* KakaoAPIManager.swift in Sources */,
				97AA192A28A1E03200AD41A5 /* SesacButton.swift in Sources */,
				97AA193628A1FC3900AD41A5 /* MainTableViewCell.swift in Sources */,
				9798483E28A343E2003EB220 /* TMDBAPIManager.swift in Sources */,
				9798483C28A33073003EB220 /* ReusableViewProtocol.swift in Sources */,
				97D7499728A0949C00247EAC /* Endpoint.swift in Sources */,
				97AA192E28A1E62A00AD41A5 /* CardView.swift in Sources */,
				97E72D4928A77818007EE25E /* WeatherModel.swift in Sources */,
				978ED4B928A7F7A500A8324B /* Font.swift in Sources */,
				97D7499928A0951200247EAC /* URL+Extension.swift in Sources */,
				97A1991728A4939700E5E192 /* MapViewController.swift in Sources */,
				97F4488428A5DD10006FC86B /* CameraViewController.swift in Sources */,
			);
			runOnlyForDeploymentPostprocessing = 0;
		};
/* End PBXSourcesBuildPhase section */

/* Begin PBXVariantGroup section */
		97D7497A28A08FEB00247EAC /* Main.storyboard */ = {
			isa = PBXVariantGroup;
			children = (
				97D7497B28A08FEB00247EAC /* Base */,
			);
			name = Main.storyboard;
			sourceTree = "<group>";
		};
		97D7497F28A08FED00247EAC /* LaunchScreen.storyboard */ = {
			isa = PBXVariantGroup;
			children = (
				97D7498028A08FED00247EAC /* Base */,
			);
			name = LaunchScreen.storyboard;
			sourceTree = "<group>";
		};
/* End PBXVariantGroup section */

/* Begin XCBuildConfiguration section */
		97D7498328A08FED00247EAC /* Debug */ = {
			isa = XCBuildConfiguration;
			buildSettings = {
				ALWAYS_SEARCH_USER_PATHS = NO;
				CLANG_ANALYZER_NONNULL = YES;
				CLANG_ANALYZER_NUMBER_OBJECT_CONVERSION = YES_AGGRESSIVE;
				CLANG_CXX_LANGUAGE_STANDARD = "gnu++17";
				CLANG_ENABLE_MODULES = YES;
				CLANG_ENABLE_OBJC_ARC = YES;
				CLANG_ENABLE_OBJC_WEAK = YES;
				CLANG_WARN_BLOCK_CAPTURE_AUTORELEASING = YES;
				CLANG_WARN_BOOL_CONVERSION = YES;
				CLANG_WARN_COMMA = YES;
				CLANG_WARN_CONSTANT_CONVERSION = YES;
				CLANG_WARN_DEPRECATED_OBJC_IMPLEMENTATIONS = YES;
				CLANG_WARN_DIRECT_OBJC_ISA_USAGE = YES_ERROR;
				CLANG_WARN_DOCUMENTATION_COMMENTS = YES;
				CLANG_WARN_EMPTY_BODY = YES;
				CLANG_WARN_ENUM_CONVERSION = YES;
				CLANG_WARN_INFINITE_RECURSION = YES;
				CLANG_WARN_INT_CONVERSION = YES;
				CLANG_WARN_NON_LITERAL_NULL_CONVERSION = YES;
				CLANG_WARN_OBJC_IMPLICIT_RETAIN_SELF = YES;
				CLANG_WARN_OBJC_LITERAL_CONVERSION = YES;
				CLANG_WARN_OBJC_ROOT_CLASS = YES_ERROR;
				CLANG_WARN_QUOTED_INCLUDE_IN_FRAMEWORK_HEADER = YES;
				CLANG_WARN_RANGE_LOOP_ANALYSIS = YES;
				CLANG_WARN_STRICT_PROTOTYPES = YES;
				CLANG_WARN_SUSPICIOUS_MOVE = YES;
				CLANG_WARN_UNGUARDED_AVAILABILITY = YES_AGGRESSIVE;
				CLANG_WARN_UNREACHABLE_CODE = YES;
				CLANG_WARN__DUPLICATE_METHOD_MATCH = YES;
				COPY_PHASE_STRIP = NO;
				DEBUG_INFORMATION_FORMAT = dwarf;
				ENABLE_STRICT_OBJC_MSGSEND = YES;
				ENABLE_TESTABILITY = YES;
				GCC_C_LANGUAGE_STANDARD = gnu11;
				GCC_DYNAMIC_NO_PIC = NO;
				GCC_NO_COMMON_BLOCKS = YES;
				GCC_OPTIMIZATION_LEVEL = 0;
				GCC_PREPROCESSOR_DEFINITIONS = (
					"DEBUG=1",
					"$(inherited)",
				);
				GCC_WARN_64_TO_32_BIT_CONVERSION = YES;
				GCC_WARN_ABOUT_RETURN_TYPE = YES_ERROR;
				GCC_WARN_UNDECLARED_SELECTOR = YES;
				GCC_WARN_UNINITIALIZED_AUTOS = YES_AGGRESSIVE;
				GCC_WARN_UNUSED_FUNCTION = YES;
				GCC_WARN_UNUSED_VARIABLE = YES;
				IPHONEOS_DEPLOYMENT_TARGET = 15.5;
				MTL_ENABLE_DEBUG_INFO = INCLUDE_SOURCE;
				MTL_FAST_MATH = YES;
				ONLY_ACTIVE_ARCH = YES;
				SDKROOT = iphoneos;
				SWIFT_ACTIVE_COMPILATION_CONDITIONS = DEBUG;
				SWIFT_OPTIMIZATION_LEVEL = "-Onone";
			};
			name = Debug;
		};
		97D7498428A08FED00247EAC /* Release */ = {
			isa = XCBuildConfiguration;
			buildSettings = {
				ALWAYS_SEARCH_USER_PATHS = NO;
				CLANG_ANALYZER_NONNULL = YES;
				CLANG_ANALYZER_NUMBER_OBJECT_CONVERSION = YES_AGGRESSIVE;
				CLANG_CXX_LANGUAGE_STANDARD = "gnu++17";
				CLANG_ENABLE_MODULES = YES;
				CLANG_ENABLE_OBJC_ARC = YES;
				CLANG_ENABLE_OBJC_WEAK = YES;
				CLANG_WARN_BLOCK_CAPTURE_AUTORELEASING = YES;
				CLANG_WARN_BOOL_CONVERSION = YES;
				CLANG_WARN_COMMA = YES;
				CLANG_WARN_CONSTANT_CONVERSION = YES;
				CLANG_WARN_DEPRECATED_OBJC_IMPLEMENTATIONS = YES;
				CLANG_WARN_DIRECT_OBJC_ISA_USAGE = YES_ERROR;
				CLANG_WARN_DOCUMENTATION_COMMENTS = YES;
				CLANG_WARN_EMPTY_BODY = YES;
				CLANG_WARN_ENUM_CONVERSION = YES;
				CLANG_WARN_INFINITE_RECURSION = YES;
				CLANG_WARN_INT_CONVERSION = YES;
				CLANG_WARN_NON_LITERAL_NULL_CONVERSION = YES;
				CLANG_WARN_OBJC_IMPLICIT_RETAIN_SELF = YES;
				CLANG_WARN_OBJC_LITERAL_CONVERSION = YES;
				CLANG_WARN_OBJC_ROOT_CLASS = YES_ERROR;
				CLANG_WARN_QUOTED_INCLUDE_IN_FRAMEWORK_HEADER = YES;
				CLANG_WARN_RANGE_LOOP_ANALYSIS = YES;
				CLANG_WARN_STRICT_PROTOTYPES = YES;
				CLANG_WARN_SUSPICIOUS_MOVE = YES;
				CLANG_WARN_UNGUARDED_AVAILABILITY = YES_AGGRESSIVE;
				CLANG_WARN_UNREACHABLE_CODE = YES;
				CLANG_WARN__DUPLICATE_METHOD_MATCH = YES;
				COPY_PHASE_STRIP = NO;
				DEBUG_INFORMATION_FORMAT = "dwarf-with-dsym";
				ENABLE_NS_ASSERTIONS = NO;
				ENABLE_STRICT_OBJC_MSGSEND = YES;
				GCC_C_LANGUAGE_STANDARD = gnu11;
				GCC_NO_COMMON_BLOCKS = YES;
				GCC_WARN_64_TO_32_BIT_CONVERSION = YES;
				GCC_WARN_ABOUT_RETURN_TYPE = YES_ERROR;
				GCC_WARN_UNDECLARED_SELECTOR = YES;
				GCC_WARN_UNINITIALIZED_AUTOS = YES_AGGRESSIVE;
				GCC_WARN_UNUSED_FUNCTION = YES;
				GCC_WARN_UNUSED_VARIABLE = YES;
				IPHONEOS_DEPLOYMENT_TARGET = 15.5;
				MTL_ENABLE_DEBUG_INFO = NO;
				MTL_FAST_MATH = YES;
				SDKROOT = iphoneos;
				SWIFT_COMPILATION_MODE = wholemodule;
				SWIFT_OPTIMIZATION_LEVEL = "-O";
				VALIDATE_PRODUCT = YES;
			};
			name = Release;
		};
		97D7498628A08FED00247EAC /* Debug */ = {
			isa = XCBuildConfiguration;
			buildSettings = {
				ASSETCATALOG_COMPILER_APPICON_NAME = AppIcon;
				ASSETCATALOG_COMPILER_GLOBAL_ACCENT_COLOR_NAME = AccentColor;
				CODE_SIGN_STYLE = Automatic;
				CURRENT_PROJECT_VERSION = 1;
				DEVELOPMENT_TEAM = 3C6U386B4C;
				GENERATE_INFOPLIST_FILE = YES;
				INFOPLIST_FILE = SesacWeek6/Info.plist;
				INFOPLIST_KEY_NSCameraUsageDescription = "카메라 접근";
				INFOPLIST_KEY_NSLocationWhenInUseUsageDescription = "위치권한";
				INFOPLIST_KEY_NSMicrophoneUsageDescription = "동영상 접근";
				INFOPLIST_KEY_NSPhotoLibraryUsageDescription = "갤러리 접근";
				INFOPLIST_KEY_UIApplicationSupportsIndirectInputEvents = YES;
				INFOPLIST_KEY_UILaunchStoryboardName = LaunchScreen;
				INFOPLIST_KEY_UIMainStoryboardFile = Weather;
				INFOPLIST_KEY_UISupportedInterfaceOrientations_iPad = "UIInterfaceOrientationPortrait UIInterfaceOrientationPortraitUpsideDown UIInterfaceOrientationLandscapeLeft UIInterfaceOrientationLandscapeRight";
				INFOPLIST_KEY_UISupportedInterfaceOrientations_iPhone = "UIInterfaceOrientationPortrait UIInterfaceOrientationLandscapeLeft UIInterfaceOrientationLandscapeRight";
				LD_RUNPATH_SEARCH_PATHS = (
					"$(inherited)",
					"@executable_path/Frameworks",
				);
				MARKETING_VERSION = 1.0;
				PRODUCT_BUNDLE_IDENTIFIER = com.hee.SesacWeek6;
				PRODUCT_NAME = "$(TARGET_NAME)";
				SWIFT_EMIT_LOC_STRINGS = YES;
				SWIFT_VERSION = 5.0;
				TARGETED_DEVICE_FAMILY = "1,2";
			};
			name = Debug;
		};
		97D7498728A08FED00247EAC /* Release */ = {
			isa = XCBuildConfiguration;
			buildSettings = {
				ASSETCATALOG_COMPILER_APPICON_NAME = AppIcon;
				ASSETCATALOG_COMPILER_GLOBAL_ACCENT_COLOR_NAME = AccentColor;
				CODE_SIGN_STYLE = Automatic;
				CURRENT_PROJECT_VERSION = 1;
				DEVELOPMENT_TEAM = 3C6U386B4C;
				GENERATE_INFOPLIST_FILE = YES;
				INFOPLIST_FILE = SesacWeek6/Info.plist;
				INFOPLIST_KEY_NSCameraUsageDescription = "카메라 접근";
				INFOPLIST_KEY_NSLocationWhenInUseUsageDescription = "위치권한";
				INFOPLIST_KEY_NSMicrophoneUsageDescription = "동영상 접근";
				INFOPLIST_KEY_NSPhotoLibraryUsageDescription = "갤러리 접근";
				INFOPLIST_KEY_UIApplicationSupportsIndirectInputEvents = YES;
				INFOPLIST_KEY_UILaunchStoryboardName = LaunchScreen;
				INFOPLIST_KEY_UIMainStoryboardFile = Weather;
				INFOPLIST_KEY_UISupportedInterfaceOrientations_iPad = "UIInterfaceOrientationPortrait UIInterfaceOrientationPortraitUpsideDown UIInterfaceOrientationLandscapeLeft UIInterfaceOrientationLandscapeRight";
				INFOPLIST_KEY_UISupportedInterfaceOrientations_iPhone = "UIInterfaceOrientationPortrait UIInterfaceOrientationLandscapeLeft UIInterfaceOrientationLandscapeRight";
				LD_RUNPATH_SEARCH_PATHS = (
					"$(inherited)",
					"@executable_path/Frameworks",
				);
				MARKETING_VERSION = 1.0;
				PRODUCT_BUNDLE_IDENTIFIER = com.hee.SesacWeek6;
				PRODUCT_NAME = "$(TARGET_NAME)";
				SWIFT_EMIT_LOC_STRINGS = YES;
				SWIFT_VERSION = 5.0;
				TARGETED_DEVICE_FAMILY = "1,2";
			};
			name = Release;
		};
/* End XCBuildConfiguration section */

/* Begin XCConfigurationList section */
		97D7496C28A08FEB00247EAC /* Build configuration list for PBXProject "SesacWeek6" */ = {
			isa = XCConfigurationList;
			buildConfigurations = (
				97D7498328A08FED00247EAC /* Debug */,
				97D7498428A08FED00247EAC /* Release */,
			);
			defaultConfigurationIsVisible = 0;
			defaultConfigurationName = Release;
		};
		97D7498528A08FED00247EAC /* Build configuration list for PBXNativeTarget "SesacWeek6" */ = {
			isa = XCConfigurationList;
			buildConfigurations = (
				97D7498628A08FED00247EAC /* Debug */,
				97D7498728A08FED00247EAC /* Release */,
			);
			defaultConfigurationIsVisible = 0;
			defaultConfigurationName = Release;
		};
/* End XCConfigurationList section */

/* Begin XCRemoteSwiftPackageReference section */
		978ED4B528A7F79E00A8324B /* XCRemoteSwiftPackageReference "JGProgressHUD" */ = {
			isa = XCRemoteSwiftPackageReference;
			repositoryURL = "https://github.com/JonasGessner/JGProgressHUD.git";
			requirement = {
				kind = upToNextMajorVersion;
				minimumVersion = 2.0.0;
			};
		};
		97D7498828A0902D00247EAC /* XCRemoteSwiftPackageReference "Alamofire" */ = {
			isa = XCRemoteSwiftPackageReference;
			repositoryURL = "https://github.com/Alamofire/Alamofire.git";
			requirement = {
				kind = upToNextMajorVersion;
				minimumVersion = 5.0.0;
			};
		};
		97D7498B28A0903900247EAC /* XCRemoteSwiftPackageReference "Kingfisher" */ = {
			isa = XCRemoteSwiftPackageReference;
			repositoryURL = "https://github.com/onevcat/Kingfisher.git";
			requirement = {
				kind = upToNextMajorVersion;
				minimumVersion = 7.0.0;
			};
		};
		97D7498E28A0904A00247EAC /* XCRemoteSwiftPackageReference "SwiftyJSON" */ = {
			isa = XCRemoteSwiftPackageReference;
			repositoryURL = "https://github.com/SwiftyJSON/SwiftyJSON.git";
			requirement = {
				kind = upToNextMajorVersion;
				minimumVersion = 5.0.0;
			};
		};
		97E72D4A28A7B4B7007EE25E /* XCRemoteSwiftPackageReference "SkeletonView" */ = {
			isa = XCRemoteSwiftPackageReference;
			repositoryURL = "https://github.com/Juanpe/SkeletonView.git";
			requirement = {
				kind = upToNextMajorVersion;
				minimumVersion = 1.0.0;
			};
		};
		97F4488028A5D6EE006FC86B /* XCRemoteSwiftPackageReference "YPImagePicker" */ = {
			isa = XCRemoteSwiftPackageReference;
			repositoryURL = "https://github.com/Yummypets/YPImagePicker.git";
			requirement = {
				kind = upToNextMajorVersion;
				minimumVersion = 5.0.0;
			};
		};
/* End XCRemoteSwiftPackageReference section */

/* Begin XCSwiftPackageProductDependency section */
		978ED4B628A7F79E00A8324B /* JGProgressHUD */ = {
			isa = XCSwiftPackageProductDependency;
			package = 978ED4B528A7F79E00A8324B /* XCRemoteSwiftPackageReference "JGProgressHUD" */;
			productName = JGProgressHUD;
		};
		97D7498928A0902D00247EAC /* Alamofire */ = {
			isa = XCSwiftPackageProductDependency;
			package = 97D7498828A0902D00247EAC /* XCRemoteSwiftPackageReference "Alamofire" */;
			productName = Alamofire;
		};
		97D7498C28A0903900247EAC /* Kingfisher */ = {
			isa = XCSwiftPackageProductDependency;
			package = 97D7498B28A0903900247EAC /* XCRemoteSwiftPackageReference "Kingfisher" */;
			productName = Kingfisher;
		};
		97D7498F28A0904A00247EAC /* SwiftyJSON */ = {
			isa = XCSwiftPackageProductDependency;
			package = 97D7498E28A0904A00247EAC /* XCRemoteSwiftPackageReference "SwiftyJSON" */;
			productName = SwiftyJSON;
		};
		97E72D4B28A7B4B7007EE25E /* SkeletonView */ = {
			isa = XCSwiftPackageProductDependency;
			package = 97E72D4A28A7B4B7007EE25E /* XCRemoteSwiftPackageReference "SkeletonView" */;
			productName = SkeletonView;
		};
		97F4488128A5D6EE006FC86B /* YPImagePicker */ = {
			isa = XCSwiftPackageProductDependency;
			package = 97F4488028A5D6EE006FC86B /* XCRemoteSwiftPackageReference "YPImagePicker" */;
			productName = YPImagePicker;
		};
/* End XCSwiftPackageProductDependency section */
	};
	rootObject = 97D7496928A08FEB00247EAC /* Project object */;
}
